
Microsoft Visual Studio Solution File, Format Version 12.00
# Visual Studio Version 17
VisualStudioVersion = 17.5.33530.505
MinimumVisualStudioVersion = 10.0.40219.1
Project("{2150E333-8FDC-42A3-9474-1A3956D46DE8}") = "src", "src", "{A3419EA8-2D56-4C4B-883E-5DCEF67F8C75}"
EndProject
Project("{2150E333-8FDC-42A3-9474-1A3956D46DE8}") = "1 - WebApi", "1 - WebApi", "{BEC124E4-11EC-482D-BC6E-D1C03CD1E973}"
EndProject
Project("{2150E333-8FDC-42A3-9474-1A3956D46DE8}") = "2 - Services", "2 - Services", "{77327577-207B-441F-B788-1FBDC215114B}"
EndProject
Project("{2150E333-8FDC-42A3-9474-1A3956D46DE8}") = "3 - Domain", "3 - Domain", "{2DD450EE-C62E-4DE3-B013-48786AB417AB}"
EndProject
Project("{2150E333-8FDC-42A3-9474-1A3956D46DE8}") = "4 - Infra", "4 - Infra", "{90473752-ABD4-40E0-B02C-153E9A16B011}"
EndProject
Project("{9A19103F-16F7-4668-BE54-9A1E7A4F7556}") = "Fiap.Noticias.API", "Fiap.Noticias.API\Fiap.Noticias.API.csproj", "{41153AA7-649C-4E84-B158-392C50F9263D}"
EndProject
Project("{9A19103F-16F7-4668-BE54-9A1E7A4F7556}") = "Fiap.Noticias.Service", "Fiap.Noticias.Service\Fiap.Noticias.Service.csproj", "{019E907E-FB4E-4FBB-8B2C-DF9C67724C69}"
EndProject
Project("{9A19103F-16F7-4668-BE54-9A1E7A4F7556}") = "Fiap.Noticias.Domain", "Fiap.Noticias.Domain\Fiap.Noticias.Domain.csproj", "{25AA3A66-5AE1-41EC-933D-1A200849B242}"
EndProject
Project("{2150E333-8FDC-42A3-9474-1A3956D46DE8}") = "4.1 - Infra.Data", "4.1 - Infra.Data", "{5899743D-63AF-4EDC-A19D-BD104F4F71DB}"
EndProject
Project("{2150E333-8FDC-42A3-9474-1A3956D46DE8}") = "4.2 - CrossCutting", "4.2 - CrossCutting", "{F4122CD9-8517-45D8-964D-813607DF9015}"
EndProject
Project("{2150E333-8FDC-42A3-9474-1A3956D46DE8}") = "4.3 - CrossCutting.IoC", "4.3 - CrossCutting.IoC", "{67B99319-A0B2-490A-993C-83E89897BEEB}"
EndProject
Project("{9A19103F-16F7-4668-BE54-9A1E7A4F7556}") = "Fiap.Noticias.Infra.Data", "Fiap.Noticias.Infra.Data\Fiap.Noticias.Infra.Data.csproj", "{CA2AC762-4E55-4820-9312-78EA12662235}"
EndProject
Project("{9A19103F-16F7-4668-BE54-9A1E7A4F7556}") = "Fiap.Noticias.CrossCutting", "Fiap.Noticias.CrossCutting\Fiap.Noticias.CrossCutting.csproj", "{CD0A225A-BF9E-4DD3-B141-203A7935E457}"
EndProject
Project("{9A19103F-16F7-4668-BE54-9A1E7A4F7556}") = "Fiap.Noticias.CrossCutting.IoC", "Fiap.Noticias.CrossCutting.IoC\Fiap.Noticias.CrossCutting.IoC.csproj", "{DEACD6C3-A906-4685-973D-7F2780F544A2}"
EndProject
Project("{2150E333-8FDC-42A3-9474-1A3956D46DE8}") = "test", "test", "{D1914D87-6526-4891-9C72-5ACEFC5B2AEE}"
EndProject
Project("{2150E333-8FDC-42A3-9474-1A3956D46DE8}") = "teste-unidade", "teste-unidade", "{71A9C851-6296-4626-8AF4-91ACCAEBE218}"
EndProject
Project("{FAE04EC0-301F-11D3-BF4B-00C04F79EFBC}") = "Fiap.Noticias.TesteUnidade", "Fiap.Noticias.TesteUnidade\Fiap.Noticias.TesteUnidade.csproj", "{62A88CEC-2E2B-4ABE-B33C-AF9F406B8E89}"
EndProject
Global
	GlobalSection(SolutionConfigurationPlatforms) = preSolution
		Debug|Any CPU = Debug|Any CPU
		Release|Any CPU = Release|Any CPU
	EndGlobalSection
	GlobalSection(ProjectConfigurationPlatforms) = postSolution
		{41153AA7-649C-4E84-B158-392C50F9263D}.Debug|Any CPU.ActiveCfg = Debug|Any CPU
		{41153AA7-649C-4E84-B158-392C50F9263D}.Debug|Any CPU.Build.0 = Debug|Any CPU
		{41153AA7-649C-4E84-B158-392C50F9263D}.Release|Any CPU.ActiveCfg = Release|Any CPU
		{41153AA7-649C-4E84-B158-392C50F9263D}.Release|Any CPU.Build.0 = Release|Any CPU
		{019E907E-FB4E-4FBB-8B2C-DF9C67724C69}.Debug|Any CPU.ActiveCfg = Debug|Any CPU
		{019E907E-FB4E-4FBB-8B2C-DF9C67724C69}.Debug|Any CPU.Build.0 = Debug|Any CPU
		{019E907E-FB4E-4FBB-8B2C-DF9C67724C69}.Release|Any CPU.ActiveCfg = Release|Any CPU
		{019E907E-FB4E-4FBB-8B2C-DF9C67724C69}.Release|Any CPU.Build.0 = Release|Any CPU
		{25AA3A66-5AE1-41EC-933D-1A200849B242}.Debug|Any CPU.ActiveCfg = Debug|Any CPU
		{25AA3A66-5AE1-41EC-933D-1A200849B242}.Debug|Any CPU.Build.0 = Debug|Any CPU
		{25AA3A66-5AE1-41EC-933D-1A200849B242}.Release|Any CPU.ActiveCfg = Release|Any CPU
		{25AA3A66-5AE1-41EC-933D-1A200849B242}.Release|Any CPU.Build.0 = Release|Any CPU
		{CA2AC762-4E55-4820-9312-78EA12662235}.Debug|Any CPU.ActiveCfg = Debug|Any CPU
		{CA2AC762-4E55-4820-9312-78EA12662235}.Debug|Any CPU.Build.0 = Debug|Any CPU
		{CA2AC762-4E55-4820-9312-78EA12662235}.Release|Any CPU.ActiveCfg = Release|Any CPU
		{CA2AC762-4E55-4820-9312-78EA12662235}.Release|Any CPU.Build.0 = Release|Any CPU
		{CD0A225A-BF9E-4DD3-B141-203A7935E457}.Debug|Any CPU.ActiveCfg = Debug|Any CPU
		{CD0A225A-BF9E-4DD3-B141-203A7935E457}.Debug|Any CPU.Build.0 = Debug|Any CPU
		{CD0A225A-BF9E-4DD3-B141-203A7935E457}.Release|Any CPU.ActiveCfg = Release|Any CPU
		{CD0A225A-BF9E-4DD3-B141-203A7935E457}.Release|Any CPU.Build.0 = Release|Any CPU
		{DEACD6C3-A906-4685-973D-7F2780F544A2}.Debug|Any CPU.ActiveCfg = Debug|Any CPU
		{DEACD6C3-A906-4685-973D-7F2780F544A2}.Debug|Any CPU.Build.0 = Debug|Any CPU
		{DEACD6C3-A906-4685-973D-7F2780F544A2}.Release|Any CPU.ActiveCfg = Release|Any CPU
		{DEACD6C3-A906-4685-973D-7F2780F544A2}.Release|Any CPU.Build.0 = Release|Any CPU
		{62A88CEC-2E2B-4ABE-B33C-AF9F406B8E89}.Debug|Any CPU.ActiveCfg = Debug|Any CPU
		{62A88CEC-2E2B-4ABE-B33C-AF9F406B8E89}.Debug|Any CPU.Build.0 = Debug|Any CPU
		{62A88CEC-2E2B-4ABE-B33C-AF9F406B8E89}.Release|Any CPU.ActiveCfg = Release|Any CPU
		{62A88CEC-2E2B-4ABE-B33C-AF9F406B8E89}.Release|Any CPU.Build.0 = Release|Any CPU
	EndGlobalSection
	GlobalSection(SolutionProperties) = preSolution
		HideSolutionNode = FALSE
	EndGlobalSection
	GlobalSection(NestedProjects) = preSolution
		{BEC124E4-11EC-482D-BC6E-D1C03CD1E973} = {A3419EA8-2D56-4C4B-883E-5DCEF67F8C75}
		{77327577-207B-441F-B788-1FBDC215114B} = {A3419EA8-2D56-4C4B-883E-5DCEF67F8C75}
		{2DD450EE-C62E-4DE3-B013-48786AB417AB} = {A3419EA8-2D56-4C4B-883E-5DCEF67F8C75}
		{90473752-ABD4-40E0-B02C-153E9A16B011} = {A3419EA8-2D56-4C4B-883E-5DCEF67F8C75}
		{41153AA7-649C-4E84-B158-392C50F9263D} = {BEC124E4-11EC-482D-BC6E-D1C03CD1E973}
		{019E907E-FB4E-4FBB-8B2C-DF9C67724C69} = {77327577-207B-441F-B788-1FBDC215114B}
		{25AA3A66-5AE1-41EC-933D-1A200849B242} = {2DD450EE-C62E-4DE3-B013-48786AB417AB}
		{5899743D-63AF-4EDC-A19D-BD104F4F71DB} = {90473752-ABD4-40E0-B02C-153E9A16B011}
		{F4122CD9-8517-45D8-964D-813607DF9015} = {90473752-ABD4-40E0-B02C-153E9A16B011}
		{67B99319-A0B2-490A-993C-83E89897BEEB} = {90473752-ABD4-40E0-B02C-153E9A16B011}
		{CA2AC762-4E55-4820-9312-78EA12662235} = {5899743D-63AF-4EDC-A19D-BD104F4F71DB}
		{CD0A225A-BF9E-4DD3-B141-203A7935E457} = {F4122CD9-8517-45D8-964D-813607DF9015}
		{DEACD6C3-A906-4685-973D-7F2780F544A2} = {67B99319-A0B2-490A-993C-83E89897BEEB}
		{71A9C851-6296-4626-8AF4-91ACCAEBE218} = {D1914D87-6526-4891-9C72-5ACEFC5B2AEE}
		{62A88CEC-2E2B-4ABE-B33C-AF9F406B8E89} = {71A9C851-6296-4626-8AF4-91ACCAEBE218}
	EndGlobalSection
	GlobalSection(ExtensibilityGlobals) = postSolution
		SolutionGuid = {60018A0F-DCB1-4745-A2ED-3E6447C563F8}
	EndGlobalSection
EndGlobal
